// !$*UTF8*$!
{
	archiveVersion = 1;
	classes = {
	};
	objectVersion = 50;
	objects = {

/* Begin PBXBuildFile section */
		EA2B7EBC2208FF75001372FE /* CinemovieTests.swift in Sources */ = {isa = PBXBuildFile; fileRef = EA2B7EBB2208FF75001372FE /* CinemovieTests.swift */; };
		EA2B7EF322090FF8001372FE /* MovieBackdropPresenter.swift in Sources */ = {isa = PBXBuildFile; fileRef = EA2B7EC822090FF8001372FE /* MovieBackdropPresenter.swift */; };
		EA2B7EF422090FF8001372FE /* UpcomingMoviesPresenter.swift in Sources */ = {isa = PBXBuildFile; fileRef = EA2B7EC922090FF8001372FE /* UpcomingMoviesPresenter.swift */; };
		EA2B7EF522090FF8001372FE /* UpcomingMoviesDataSource.swift in Sources */ = {isa = PBXBuildFile; fileRef = EA2B7ECB22090FF8001372FE /* UpcomingMoviesDataSource.swift */; };
		EA2B7EF622090FF8001372FE /* UpcomingMoviesCellFactory.swift in Sources */ = {isa = PBXBuildFile; fileRef = EA2B7ECC22090FF8001372FE /* UpcomingMoviesCellFactory.swift */; };
		EA2B7EF722090FF8001372FE /* UpcomingMoviesDelegate.swift in Sources */ = {isa = PBXBuildFile; fileRef = EA2B7ECD22090FF8001372FE /* UpcomingMoviesDelegate.swift */; };
		EA2B7EF822090FF8001372FE /* MovieDetailViewController.swift in Sources */ = {isa = PBXBuildFile; fileRef = EA2B7ECE22090FF8001372FE /* MovieDetailViewController.swift */; };
		EA2B7EF922090FF8001372FE /* UpcomingMoviesViewController.swift in Sources */ = {isa = PBXBuildFile; fileRef = EA2B7ECF22090FF8001372FE /* UpcomingMoviesViewController.swift */; };
		EA2B7EFA22090FF8001372FE /* MovieTableViewCell.xib in Resources */ = {isa = PBXBuildFile; fileRef = EA2B7ED122090FF8001372FE /* MovieTableViewCell.xib */; };
		EA2B7EFB22090FF8001372FE /* UpcomingMoviesViewController.xib in Resources */ = {isa = PBXBuildFile; fileRef = EA2B7ED222090FF8001372FE /* UpcomingMoviesViewController.xib */; };
		EA2B7EFC22090FF8001372FE /* MovieDetailViewController.xib in Resources */ = {isa = PBXBuildFile; fileRef = EA2B7ED322090FF8001372FE /* MovieDetailViewController.xib */; };
		EA2B7EFD22090FF8001372FE /* MovieTableViewCell.swift in Sources */ = {isa = PBXBuildFile; fileRef = EA2B7ED422090FF8001372FE /* MovieTableViewCell.swift */; };
		EA2B7EFE22090FF8001372FE /* MoviesRouterNavigation.swift in Sources */ = {isa = PBXBuildFile; fileRef = EA2B7ED622090FF8001372FE /* MoviesRouterNavigation.swift */; };
		EA2B7EFF22090FF8001372FE /* ListUpcomingMoviesPresenter.swift in Sources */ = {isa = PBXBuildFile; fileRef = EA2B7ED922090FF8001372FE /* ListUpcomingMoviesPresenter.swift */; };
		EA2B7F0022090FF8001372FE /* GetMovieBackdropPresenter.swift in Sources */ = {isa = PBXBuildFile; fileRef = EA2B7EDA22090FF8001372FE /* GetMovieBackdropPresenter.swift */; };
		EA2B7F0122090FF8001372FE /* ListUpcomingMoviesFactory.swift in Sources */ = {isa = PBXBuildFile; fileRef = EA2B7EDC22090FF8001372FE /* ListUpcomingMoviesFactory.swift */; };
		EA2B7F0222090FF8001372FE /* GetMovieBackdropFactory.swift in Sources */ = {isa = PBXBuildFile; fileRef = EA2B7EDD22090FF8001372FE /* GetMovieBackdropFactory.swift */; };
		EA2B7F0322090FF8001372FE /* MovieGateway.swift in Sources */ = {isa = PBXBuildFile; fileRef = EA2B7EDF22090FF8001372FE /* MovieGateway.swift */; };
		EA2B7F0422090FF8001372FE /* GenresGateway.swift in Sources */ = {isa = PBXBuildFile; fileRef = EA2B7EE022090FF8001372FE /* GenresGateway.swift */; };
		EA2B7F0522090FF8001372FE /* ListUpcomingMoviesInteractor.swift in Sources */ = {isa = PBXBuildFile; fileRef = EA2B7EE222090FF8001372FE /* ListUpcomingMoviesInteractor.swift */; };
		EA2B7F0622090FF8001372FE /* GetMovieBackdropInteractor.swift in Sources */ = {isa = PBXBuildFile; fileRef = EA2B7EE322090FF8001372FE /* GetMovieBackdropInteractor.swift */; };
		EA2B7F0722090FF8001372FE /* Genre.swift in Sources */ = {isa = PBXBuildFile; fileRef = EA2B7EE522090FF8001372FE /* Genre.swift */; };
		EA2B7F0822090FF8001372FE /* Movies.swift in Sources */ = {isa = PBXBuildFile; fileRef = EA2B7EE622090FF8001372FE /* Movies.swift */; };
		EA2B7F0922090FF8001372FE /* MoviesRouter.swift in Sources */ = {isa = PBXBuildFile; fileRef = EA2B7EE822090FF8001372FE /* MoviesRouter.swift */; };
		EA2B7F0A22090FF8001372FE /* Resource.swift in Sources */ = {isa = PBXBuildFile; fileRef = EA2B7EEB22090FF8001372FE /* Resource.swift */; };
		EA2B7F0B22090FF8001372FE /* Service.swift in Sources */ = {isa = PBXBuildFile; fileRef = EA2B7EEC22090FF8001372FE /* Service.swift */; };
		EA2B7F0C22090FF8001372FE /* Assets.xcassets in Resources */ = {isa = PBXBuildFile; fileRef = EA2B7EEE22090FF8001372FE /* Assets.xcassets */; };
		EA2B7F0D22090FF8001372FE /* LaunchScreen.storyboard in Resources */ = {isa = PBXBuildFile; fileRef = EA2B7EEF22090FF8001372FE /* LaunchScreen.storyboard */; };
		EA2B7F0E22090FF8001372FE /* AppDelegate.swift in Sources */ = {isa = PBXBuildFile; fileRef = EA2B7EF122090FF8001372FE /* AppDelegate.swift */; };
/* End PBXBuildFile section */

/* Begin PBXContainerItemProxy section */
		EA2B7EB82208FF75001372FE /* PBXContainerItemProxy */ = {
			isa = PBXContainerItemProxy;
			containerPortal = EA2B7E9B2208FF73001372FE /* Project object */;
			proxyType = 1;
			remoteGlobalIDString = EA2B7EA22208FF73001372FE;
			remoteInfo = Cinemovie;
		};
/* End PBXContainerItemProxy section */

/* Begin PBXFileReference section */
		EA2B7EA32208FF73001372FE /* Cinemovie.app */ = {isa = PBXFileReference; explicitFileType = wrapper.application; includeInIndex = 0; path = Cinemovie.app; sourceTree = BUILT_PRODUCTS_DIR; };
		EA2B7EB72208FF75001372FE /* CinemovieTests.xctest */ = {isa = PBXFileReference; explicitFileType = wrapper.cfbundle; includeInIndex = 0; path = CinemovieTests.xctest; sourceTree = BUILT_PRODUCTS_DIR; };
		EA2B7EBB2208FF75001372FE /* CinemovieTests.swift */ = {isa = PBXFileReference; lastKnownFileType = sourcecode.swift; path = CinemovieTests.swift; sourceTree = "<group>"; };
		EA2B7EBD2208FF75001372FE /* Info.plist */ = {isa = PBXFileReference; lastKnownFileType = text.plist.xml; path = Info.plist; sourceTree = "<group>"; };
		EA2B7EC822090FF8001372FE /* MovieBackdropPresenter.swift */ = {isa = PBXFileReference; fileEncoding = 4; lastKnownFileType = sourcecode.swift; path = MovieBackdropPresenter.swift; sourceTree = "<group>"; };
		EA2B7EC922090FF8001372FE /* UpcomingMoviesPresenter.swift */ = {isa = PBXFileReference; fileEncoding = 4; lastKnownFileType = sourcecode.swift; path = UpcomingMoviesPresenter.swift; sourceTree = "<group>"; };
		EA2B7ECB22090FF8001372FE /* UpcomingMoviesDataSource.swift */ = {isa = PBXFileReference; fileEncoding = 4; lastKnownFileType = sourcecode.swift; path = UpcomingMoviesDataSource.swift; sourceTree = "<group>"; };
		EA2B7ECC22090FF8001372FE /* UpcomingMoviesCellFactory.swift */ = {isa = PBXFileReference; fileEncoding = 4; lastKnownFileType = sourcecode.swift; path = UpcomingMoviesCellFactory.swift; sourceTree = "<group>"; };
		EA2B7ECD22090FF8001372FE /* UpcomingMoviesDelegate.swift */ = {isa = PBXFileReference; fileEncoding = 4; lastKnownFileType = sourcecode.swift; path = UpcomingMoviesDelegate.swift; sourceTree = "<group>"; };
		EA2B7ECE22090FF8001372FE /* MovieDetailViewController.swift */ = {isa = PBXFileReference; fileEncoding = 4; lastKnownFileType = sourcecode.swift; path = MovieDetailViewController.swift; sourceTree = "<group>"; };
		EA2B7ECF22090FF8001372FE /* UpcomingMoviesViewController.swift */ = {isa = PBXFileReference; fileEncoding = 4; lastKnownFileType = sourcecode.swift; path = UpcomingMoviesViewController.swift; sourceTree = "<group>"; };
		EA2B7ED122090FF8001372FE /* MovieTableViewCell.xib */ = {isa = PBXFileReference; fileEncoding = 4; lastKnownFileType = file.xib; path = MovieTableViewCell.xib; sourceTree = "<group>"; };
		EA2B7ED222090FF8001372FE /* UpcomingMoviesViewController.xib */ = {isa = PBXFileReference; fileEncoding = 4; lastKnownFileType = file.xib; path = UpcomingMoviesViewController.xib; sourceTree = "<group>"; };
		EA2B7ED322090FF8001372FE /* MovieDetailViewController.xib */ = {isa = PBXFileReference; fileEncoding = 4; lastKnownFileType = file.xib; path = MovieDetailViewController.xib; sourceTree = "<group>"; };
		EA2B7ED422090FF8001372FE /* MovieTableViewCell.swift */ = {isa = PBXFileReference; fileEncoding = 4; lastKnownFileType = sourcecode.swift; path = MovieTableViewCell.swift; sourceTree = "<group>"; };
		EA2B7ED622090FF8001372FE /* MoviesRouterNavigation.swift */ = {isa = PBXFileReference; fileEncoding = 4; lastKnownFileType = sourcecode.swift; path = MoviesRouterNavigation.swift; sourceTree = "<group>"; };
		EA2B7ED922090FF8001372FE /* ListUpcomingMoviesPresenter.swift */ = {isa = PBXFileReference; fileEncoding = 4; lastKnownFileType = sourcecode.swift; path = ListUpcomingMoviesPresenter.swift; sourceTree = "<group>"; };
		EA2B7EDA22090FF8001372FE /* GetMovieBackdropPresenter.swift */ = {isa = PBXFileReference; fileEncoding = 4; lastKnownFileType = sourcecode.swift; path = GetMovieBackdropPresenter.swift; sourceTree = "<group>"; };
		EA2B7EDC22090FF8001372FE /* ListUpcomingMoviesFactory.swift */ = {isa = PBXFileReference; fileEncoding = 4; lastKnownFileType = sourcecode.swift; path = ListUpcomingMoviesFactory.swift; sourceTree = "<group>"; };
		EA2B7EDD22090FF8001372FE /* GetMovieBackdropFactory.swift */ = {isa = PBXFileReference; fileEncoding = 4; lastKnownFileType = sourcecode.swift; path = GetMovieBackdropFactory.swift; sourceTree = "<group>"; };
		EA2B7EDF22090FF8001372FE /* MovieGateway.swift */ = {isa = PBXFileReference; fileEncoding = 4; lastKnownFileType = sourcecode.swift; path = MovieGateway.swift; sourceTree = "<group>"; };
		EA2B7EE022090FF8001372FE /* GenresGateway.swift */ = {isa = PBXFileReference; fileEncoding = 4; lastKnownFileType = sourcecode.swift; path = GenresGateway.swift; sourceTree = "<group>"; };
		EA2B7EE222090FF8001372FE /* ListUpcomingMoviesInteractor.swift */ = {isa = PBXFileReference; fileEncoding = 4; lastKnownFileType = sourcecode.swift; path = ListUpcomingMoviesInteractor.swift; sourceTree = "<group>"; };
		EA2B7EE322090FF8001372FE /* GetMovieBackdropInteractor.swift */ = {isa = PBXFileReference; fileEncoding = 4; lastKnownFileType = sourcecode.swift; path = GetMovieBackdropInteractor.swift; sourceTree = "<group>"; };
		EA2B7EE522090FF8001372FE /* Genre.swift */ = {isa = PBXFileReference; fileEncoding = 4; lastKnownFileType = sourcecode.swift; path = Genre.swift; sourceTree = "<group>"; };
		EA2B7EE622090FF8001372FE /* Movies.swift */ = {isa = PBXFileReference; fileEncoding = 4; lastKnownFileType = sourcecode.swift; path = Movies.swift; sourceTree = "<group>"; };
		EA2B7EE822090FF8001372FE /* MoviesRouter.swift */ = {isa = PBXFileReference; fileEncoding = 4; lastKnownFileType = sourcecode.swift; path = MoviesRouter.swift; sourceTree = "<group>"; };
		EA2B7EEB22090FF8001372FE /* Resource.swift */ = {isa = PBXFileReference; fileEncoding = 4; lastKnownFileType = sourcecode.swift; path = Resource.swift; sourceTree = "<group>"; };
		EA2B7EEC22090FF8001372FE /* Service.swift */ = {isa = PBXFileReference; fileEncoding = 4; lastKnownFileType = sourcecode.swift; path = Service.swift; sourceTree = "<group>"; };
		EA2B7EEE22090FF8001372FE /* Assets.xcassets */ = {isa = PBXFileReference; lastKnownFileType = folder.assetcatalog; path = Assets.xcassets; sourceTree = "<group>"; };
		EA2B7EF022090FF8001372FE /* Base */ = {isa = PBXFileReference; lastKnownFileType = file.storyboard; name = Base; path = Base.lproj/LaunchScreen.storyboard; sourceTree = "<group>"; };
		EA2B7EF122090FF8001372FE /* AppDelegate.swift */ = {isa = PBXFileReference; fileEncoding = 4; lastKnownFileType = sourcecode.swift; path = AppDelegate.swift; sourceTree = "<group>"; };
		EA2B7EF222090FF8001372FE /* Info.plist */ = {isa = PBXFileReference; fileEncoding = 4; lastKnownFileType = text.plist.xml; path = Info.plist; sourceTree = "<group>"; };
/* End PBXFileReference section */

/* Begin PBXFrameworksBuildPhase section */
		EA2B7EA02208FF73001372FE /* Frameworks */ = {
			isa = PBXFrameworksBuildPhase;
			buildActionMask = 2147483647;
			files = (
			);
			runOnlyForDeploymentPostprocessing = 0;
		};
		EA2B7EB42208FF75001372FE /* Frameworks */ = {
			isa = PBXFrameworksBuildPhase;
			buildActionMask = 2147483647;
			files = (
			);
			runOnlyForDeploymentPostprocessing = 0;
		};
/* End PBXFrameworksBuildPhase section */

/* Begin PBXGroup section */
		EA2B7E9A2208FF73001372FE = {
			isa = PBXGroup;
			children = (
				EA2B7EA52208FF73001372FE /* Cinemovie */,
				EA2B7EBA2208FF75001372FE /* CinemovieTests */,
				EA2B7EA42208FF73001372FE /* Products */,
			);
			sourceTree = "<group>";
		};
		EA2B7EA42208FF73001372FE /* Products */ = {
			isa = PBXGroup;
			children = (
				EA2B7EA32208FF73001372FE /* Cinemovie.app */,
				EA2B7EB72208FF75001372FE /* CinemovieTests.xctest */,
			);
			name = Products;
			sourceTree = "<group>";
		};
		EA2B7EA52208FF73001372FE /* Cinemovie */ = {
			isa = PBXGroup;
			children = (
				EA2B7EED22090FF8001372FE /* Common */,
				EA2B7ED722090FF8001372FE /* Core */,
				EA2B7EE922090FF8001372FE /* Shared */,
				EA2B7EC622090FF8001372FE /* UpcomingMovie */,
			);
			path = Cinemovie;
			sourceTree = "<group>";
		};
		EA2B7EBA2208FF75001372FE /* CinemovieTests */ = {
			isa = PBXGroup;
			children = (
				EA2B7EBB2208FF75001372FE /* CinemovieTests.swift */,
				EA2B7EBD2208FF75001372FE /* Info.plist */,
			);
			path = CinemovieTests;
			sourceTree = "<group>";
		};
		EA2B7EC622090FF8001372FE /* UpcomingMovie */ = {
			isa = PBXGroup;
			children = (
				EA2B7EC722090FF8001372FE /* Presenters */,
				EA2B7ECA22090FF8001372FE /* ViewControllers */,
				EA2B7ED022090FF8001372FE /* Views */,
				EA2B7ED522090FF8001372FE /* Router */,
			);
			path = UpcomingMovie;
			sourceTree = "<group>";
		};
		EA2B7EC722090FF8001372FE /* Presenters */ = {
			isa = PBXGroup;
			children = (
				EA2B7EC822090FF8001372FE /* MovieBackdropPresenter.swift */,
				EA2B7EC922090FF8001372FE /* UpcomingMoviesPresenter.swift */,
			);
			path = Presenters;
			sourceTree = "<group>";
		};
		EA2B7ECA22090FF8001372FE /* ViewControllers */ = {
			isa = PBXGroup;
			children = (
				EA2B7ECB22090FF8001372FE /* UpcomingMoviesDataSource.swift */,
				EA2B7ECC22090FF8001372FE /* UpcomingMoviesCellFactory.swift */,
				EA2B7ECD22090FF8001372FE /* UpcomingMoviesDelegate.swift */,
				EA2B7ECE22090FF8001372FE /* MovieDetailViewController.swift */,
				EA2B7ECF22090FF8001372FE /* UpcomingMoviesViewController.swift */,
			);
			path = ViewControllers;
			sourceTree = "<group>";
		};
		EA2B7ED022090FF8001372FE /* Views */ = {
			isa = PBXGroup;
			children = (
				EA2B7ED122090FF8001372FE /* MovieTableViewCell.xib */,
				EA2B7ED222090FF8001372FE /* UpcomingMoviesViewController.xib */,
				EA2B7ED322090FF8001372FE /* MovieDetailViewController.xib */,
				EA2B7ED422090FF8001372FE /* MovieTableViewCell.swift */,
			);
			path = Views;
			sourceTree = "<group>";
		};
		EA2B7ED522090FF8001372FE /* Router */ = {
			isa = PBXGroup;
			children = (
				EA2B7ED622090FF8001372FE /* MoviesRouterNavigation.swift */,
			);
			path = Router;
			sourceTree = "<group>";
		};
		EA2B7ED722090FF8001372FE /* Core */ = {
			isa = PBXGroup;
			children = (
				EA2B7ED822090FF8001372FE /* Presenters */,
				EA2B7EDB22090FF8001372FE /* Factories */,
				EA2B7EDE22090FF8001372FE /* Gateways */,
				EA2B7EE122090FF8001372FE /* Interactors */,
				EA2B7EE422090FF8001372FE /* Entities */,
				EA2B7EE722090FF8001372FE /* Router */,
			);
			path = Core;
			sourceTree = "<group>";
		};
		EA2B7ED822090FF8001372FE /* Presenters */ = {
			isa = PBXGroup;
			children = (
				EA2B7ED922090FF8001372FE /* ListUpcomingMoviesPresenter.swift */,
				EA2B7EDA22090FF8001372FE /* GetMovieBackdropPresenter.swift */,
			);
			path = Presenters;
			sourceTree = "<group>";
		};
		EA2B7EDB22090FF8001372FE /* Factories */ = {
			isa = PBXGroup;
			children = (
				EA2B7EDC22090FF8001372FE /* ListUpcomingMoviesFactory.swift */,
				EA2B7EDD22090FF8001372FE /* GetMovieBackdropFactory.swift */,
			);
			path = Factories;
			sourceTree = "<group>";
		};
		EA2B7EDE22090FF8001372FE /* Gateways */ = {
			isa = PBXGroup;
			children = (
				EA2B7EDF22090FF8001372FE /* MovieGateway.swift */,
				EA2B7EE022090FF8001372FE /* GenresGateway.swift */,
			);
			path = Gateways;
			sourceTree = "<group>";
		};
		EA2B7EE122090FF8001372FE /* Interactors */ = {
			isa = PBXGroup;
			children = (
				EA2B7EE222090FF8001372FE /* ListUpcomingMoviesInteractor.swift */,
				EA2B7EE322090FF8001372FE /* GetMovieBackdropInteractor.swift */,
			);
			path = Interactors;
			sourceTree = "<group>";
		};
		EA2B7EE422090FF8001372FE /* Entities */ = {
			isa = PBXGroup;
			children = (
				EA2B7EE522090FF8001372FE /* Genre.swift */,
				EA2B7EE622090FF8001372FE /* Movies.swift */,
			);
			path = Entities;
			sourceTree = "<group>";
		};
		EA2B7EE722090FF8001372FE /* Router */ = {
			isa = PBXGroup;
			children = (
				EA2B7EE822090FF8001372FE /* MoviesRouter.swift */,
			);
			path = Router;
			sourceTree = "<group>";
		};
		EA2B7EE922090FF8001372FE /* Shared */ = {
			isa = PBXGroup;
			children = (
				EA2B7EEA22090FF8001372FE /* Network */,
			);
			path = Shared;
			sourceTree = "<group>";
		};
		EA2B7EEA22090FF8001372FE /* Network */ = {
			isa = PBXGroup;
			children = (
				EA2B7EEB22090FF8001372FE /* Resource.swift */,
				EA2B7EEC22090FF8001372FE /* Service.swift */,
			);
			path = Network;
			sourceTree = "<group>";
		};
		EA2B7EED22090FF8001372FE /* Common */ = {
			isa = PBXGroup;
			children = (
				EA2B7EEE22090FF8001372FE /* Assets.xcassets */,
				EA2B7EEF22090FF8001372FE /* LaunchScreen.storyboard */,
				EA2B7EF122090FF8001372FE /* AppDelegate.swift */,
				EA2B7EF222090FF8001372FE /* Info.plist */,
			);
			path = Common;
			sourceTree = "<group>";
		};
/* End PBXGroup section */

/* Begin PBXNativeTarget section */
		EA2B7EA22208FF73001372FE /* Cinemovie */ = {
			isa = PBXNativeTarget;
			buildConfigurationList = EA2B7EC02208FF75001372FE /* Build configuration list for PBXNativeTarget "Cinemovie" */;
			buildPhases = (
				EA2B7E9F2208FF73001372FE /* Sources */,
				EA2B7EA02208FF73001372FE /* Frameworks */,
				EA2B7EA12208FF73001372FE /* Resources */,
			);
			buildRules = (
			);
			dependencies = (
			);
			name = Cinemovie;
			productName = Cinemovie;
			productReference = EA2B7EA32208FF73001372FE /* Cinemovie.app */;
			productType = "com.apple.product-type.application";
		};
		EA2B7EB62208FF75001372FE /* CinemovieTests */ = {
			isa = PBXNativeTarget;
			buildConfigurationList = EA2B7EC32208FF75001372FE /* Build configuration list for PBXNativeTarget "CinemovieTests" */;
			buildPhases = (
				EA2B7EB32208FF75001372FE /* Sources */,
				EA2B7EB42208FF75001372FE /* Frameworks */,
				EA2B7EB52208FF75001372FE /* Resources */,
			);
			buildRules = (
			);
			dependencies = (
				EA2B7EB92208FF75001372FE /* PBXTargetDependency */,
			);
			name = CinemovieTests;
			productName = CinemovieTests;
			productReference = EA2B7EB72208FF75001372FE /* CinemovieTests.xctest */;
			productType = "com.apple.product-type.bundle.unit-test";
		};
/* End PBXNativeTarget section */

/* Begin PBXProject section */
		EA2B7E9B2208FF73001372FE /* Project object */ = {
			isa = PBXProject;
			attributes = {
				LastSwiftUpdateCheck = 1000;
				LastUpgradeCheck = 1000;
				ORGANIZATIONNAME = "Vinicius Carvalho";
				TargetAttributes = {
					EA2B7EA22208FF73001372FE = {
						CreatedOnToolsVersion = 10.0;
					};
					EA2B7EB62208FF75001372FE = {
						CreatedOnToolsVersion = 10.0;
						TestTargetID = EA2B7EA22208FF73001372FE;
					};
				};
			};
			buildConfigurationList = EA2B7E9E2208FF73001372FE /* Build configuration list for PBXProject "Cinemovie" */;
			compatibilityVersion = "Xcode 9.3";
			developmentRegion = en;
			hasScannedForEncodings = 0;
			knownRegions = (
				en,
				Base,
			);
			mainGroup = EA2B7E9A2208FF73001372FE;
			productRefGroup = EA2B7EA42208FF73001372FE /* Products */;
			projectDirPath = "";
			projectRoot = "";
			targets = (
				EA2B7EA22208FF73001372FE /* Cinemovie */,
				EA2B7EB62208FF75001372FE /* CinemovieTests */,
			);
		};
/* End PBXProject section */

/* Begin PBXResourcesBuildPhase section */
		EA2B7EA12208FF73001372FE /* Resources */ = {
			isa = PBXResourcesBuildPhase;
			buildActionMask = 2147483647;
			files = (
				EA2B7EFC22090FF8001372FE /* MovieDetailViewController.xib in Resources */,
				EA2B7EFB22090FF8001372FE /* UpcomingMoviesViewController.xib in Resources */,
				EA2B7F0D22090FF8001372FE /* LaunchScreen.storyboard in Resources */,
				EA2B7F0C22090FF8001372FE /* Assets.xcassets in Resources */,
				EA2B7EFA22090FF8001372FE /* MovieTableViewCell.xib in Resources */,
			);
			runOnlyForDeploymentPostprocessing = 0;
		};
		EA2B7EB52208FF75001372FE /* Resources */ = {
			isa = PBXResourcesBuildPhase;
			buildActionMask = 2147483647;
			files = (
			);
			runOnlyForDeploymentPostprocessing = 0;
		};
/* End PBXResourcesBuildPhase section */

/* Begin PBXSourcesBuildPhase section */
		EA2B7E9F2208FF73001372FE /* Sources */ = {
			isa = PBXSourcesBuildPhase;
			buildActionMask = 2147483647;
			files = (
				EA2B7F0E22090FF8001372FE /* AppDelegate.swift in Sources */,
				EA2B7EF622090FF8001372FE /* UpcomingMoviesCellFactory.swift in Sources */,
				EA2B7EFD22090FF8001372FE /* MovieTableViewCell.swift in Sources */,
				EA2B7F0A22090FF8001372FE /* Resource.swift in Sources */,
				EA2B7F0122090FF8001372FE /* ListUpcomingMoviesFactory.swift in Sources */,
				EA2B7F0422090FF8001372FE /* GenresGateway.swift in Sources */,
				EA2B7EFF22090FF8001372FE /* ListUpcomingMoviesPresenter.swift in Sources */,
				EA2B7EF522090FF8001372FE /* UpcomingMoviesDataSource.swift in Sources */,
				EA2B7F0722090FF8001372FE /* Genre.swift in Sources */,
				EA2B7F0222090FF8001372FE /* GetMovieBackdropFactory.swift in Sources */,
				EA2B7F0B22090FF8001372FE /* Service.swift in Sources */,
				EA2B7EF322090FF8001372FE /* MovieBackdropPresenter.swift in Sources */,
				EA2B7F0822090FF8001372FE /* Movies.swift in Sources */,
				EA2B7F0322090FF8001372FE /* MovieGateway.swift in Sources */,
				EA2B7EF822090FF8001372FE /* MovieDetailViewController.swift in Sources */,
				EA2B7EF922090FF8001372FE /* UpcomingMoviesViewController.swift in Sources */,
				EA2B7F0022090FF8001372FE /* GetMovieBackdropPresenter.swift in Sources */,
				EA2B7F0922090FF8001372FE /* MoviesRouter.swift in Sources */,
				EA2B7EFE22090FF8001372FE /* MoviesRouterNavigation.swift in Sources */,
				EA2B7F0522090FF8001372FE /* ListUpcomingMoviesInteractor.swift in Sources */,
				EA2B7EF422090FF8001372FE /* UpcomingMoviesPresenter.swift in Sources */,
				EA2B7F0622090FF8001372FE /* GetMovieBackdropInteractor.swift in Sources */,
				EA2B7EF722090FF8001372FE /* UpcomingMoviesDelegate.swift in Sources */,
			);
			runOnlyForDeploymentPostprocessing = 0;
		};
		EA2B7EB32208FF75001372FE /* Sources */ = {
			isa = PBXSourcesBuildPhase;
			buildActionMask = 2147483647;
			files = (
				EA2B7EBC2208FF75001372FE /* CinemovieTests.swift in Sources */,
			);
			runOnlyForDeploymentPostprocessing = 0;
		};
/* End PBXSourcesBuildPhase section */

/* Begin PBXTargetDependency section */
		EA2B7EB92208FF75001372FE /* PBXTargetDependency */ = {
			isa = PBXTargetDependency;
			target = EA2B7EA22208FF73001372FE /* Cinemovie */;
			targetProxy = EA2B7EB82208FF75001372FE /* PBXContainerItemProxy */;
		};
/* End PBXTargetDependency section */

/* Begin PBXVariantGroup section */
		EA2B7EEF22090FF8001372FE /* LaunchScreen.storyboard */ = {
			isa = PBXVariantGroup;
			children = (
				EA2B7EF022090FF8001372FE /* Base */,
			);
			name = LaunchScreen.storyboard;
			sourceTree = "<group>";
		};
/* End PBXVariantGroup section */

/* Begin XCBuildConfiguration section */
		EA2B7EBE2208FF75001372FE /* Debug */ = {
			isa = XCBuildConfiguration;
			buildSettings = {
				ALWAYS_SEARCH_USER_PATHS = NO;
				CLANG_ANALYZER_NONNULL = YES;
				CLANG_ANALYZER_NUMBER_OBJECT_CONVERSION = YES_AGGRESSIVE;
				CLANG_CXX_LANGUAGE_STANDARD = "gnu++14";
				CLANG_CXX_LIBRARY = "libc++";
				CLANG_ENABLE_MODULES = YES;
				CLANG_ENABLE_OBJC_ARC = YES;
				CLANG_ENABLE_OBJC_WEAK = YES;
				CLANG_WARN_BLOCK_CAPTURE_AUTORELEASING = YES;
				CLANG_WARN_BOOL_CONVERSION = YES;
				CLANG_WARN_COMMA = YES;
				CLANG_WARN_CONSTANT_CONVERSION = YES;
				CLANG_WARN_DEPRECATED_OBJC_IMPLEMENTATIONS = YES;
				CLANG_WARN_DIRECT_OBJC_ISA_USAGE = YES_ERROR;
				CLANG_WARN_DOCUMENTATION_COMMENTS = YES;
				CLANG_WARN_EMPTY_BODY = YES;
				CLANG_WARN_ENUM_CONVERSION = YES;
				CLANG_WARN_INFINITE_RECURSION = YES;
				CLANG_WARN_INT_CONVERSION = YES;
				CLANG_WARN_NON_LITERAL_NULL_CONVERSION = YES;
				CLANG_WARN_OBJC_IMPLICIT_RETAIN_SELF = YES;
				CLANG_WARN_OBJC_LITERAL_CONVERSION = YES;
				CLANG_WARN_OBJC_ROOT_CLASS = YES_ERROR;
				CLANG_WARN_RANGE_LOOP_ANALYSIS = YES;
				CLANG_WARN_STRICT_PROTOTYPES = YES;
				CLANG_WARN_SUSPICIOUS_MOVE = YES;
				CLANG_WARN_UNGUARDED_AVAILABILITY = YES_AGGRESSIVE;
				CLANG_WARN_UNREACHABLE_CODE = YES;
				CLANG_WARN__DUPLICATE_METHOD_MATCH = YES;
				CODE_SIGN_IDENTITY = "iPhone Developer";
				COPY_PHASE_STRIP = NO;
				DEBUG_INFORMATION_FORMAT = dwarf;
				ENABLE_STRICT_OBJC_MSGSEND = YES;
				ENABLE_TESTABILITY = YES;
				GCC_C_LANGUAGE_STANDARD = gnu11;
				GCC_DYNAMIC_NO_PIC = NO;
				GCC_NO_COMMON_BLOCKS = YES;
				GCC_OPTIMIZATION_LEVEL = 0;
				GCC_PREPROCESSOR_DEFINITIONS = (
					"DEBUG=1",
					"$(inherited)",
				);
				GCC_WARN_64_TO_32_BIT_CONVERSION = YES;
				GCC_WARN_ABOUT_RETURN_TYPE = YES_ERROR;
				GCC_WARN_UNDECLARED_SELECTOR = YES;
				GCC_WARN_UNINITIALIZED_AUTOS = YES_AGGRESSIVE;
				GCC_WARN_UNUSED_FUNCTION = YES;
				GCC_WARN_UNUSED_VARIABLE = YES;
				IPHONEOS_DEPLOYMENT_TARGET = 12.0;
				MTL_ENABLE_DEBUG_INFO = INCLUDE_SOURCE;
				MTL_FAST_MATH = YES;
				ONLY_ACTIVE_ARCH = YES;
				SDKROOT = iphoneos;
				SWIFT_ACTIVE_COMPILATION_CONDITIONS = DEBUG;
				SWIFT_OPTIMIZATION_LEVEL = "-Onone";
			};
			name = Debug;
		};
		EA2B7EBF2208FF75001372FE /* Release */ = {
			isa = XCBuildConfiguration;
			buildSettings = {
				ALWAYS_SEARCH_USER_PATHS = NO;
				CLANG_ANALYZER_NONNULL = YES;
				CLANG_ANALYZER_NUMBER_OBJECT_CONVERSION = YES_AGGRESSIVE;
				CLANG_CXX_LANGUAGE_STANDARD = "gnu++14";
				CLANG_CXX_LIBRARY = "libc++";
				CLANG_ENABLE_MODULES = YES;
				CLANG_ENABLE_OBJC_ARC = YES;
				CLANG_ENABLE_OBJC_WEAK = YES;
				CLANG_WARN_BLOCK_CAPTURE_AUTORELEASING = YES;
				CLANG_WARN_BOOL_CONVERSION = YES;
				CLANG_WARN_COMMA = YES;
				CLANG_WARN_CONSTANT_CONVERSION = YES;
				CLANG_WARN_DEPRECATED_OBJC_IMPLEMENTATIONS = YES;
				CLANG_WARN_DIRECT_OBJC_ISA_USAGE = YES_ERROR;
				CLANG_WARN_DOCUMENTATION_COMMENTS = YES;
				CLANG_WARN_EMPTY_BODY = YES;
				CLANG_WARN_ENUM_CONVERSION = YES;
				CLANG_WARN_INFINITE_RECURSION = YES;
				CLANG_WARN_INT_CONVERSION = YES;
				CLANG_WARN_NON_LITERAL_NULL_CONVERSION = YES;
				CLANG_WARN_OBJC_IMPLICIT_RETAIN_SELF = YES;
				CLANG_WARN_OBJC_LITERAL_CONVERSION = YES;
				CLANG_WARN_OBJC_ROOT_CLASS = YES_ERROR;
				CLANG_WARN_RANGE_LOOP_ANALYSIS = YES;
				CLANG_WARN_STRICT_PROTOTYPES = YES;
				CLANG_WARN_SUSPICIOUS_MOVE = YES;
				CLANG_WARN_UNGUARDED_AVAILABILITY = YES_AGGRESSIVE;
				CLANG_WARN_UNREACHABLE_CODE = YES;
				CLANG_WARN__DUPLICATE_METHOD_MATCH = YES;
				CODE_SIGN_IDENTITY = "iPhone Developer";
				COPY_PHASE_STRIP = NO;
				DEBUG_INFORMATION_FORMAT = "dwarf-with-dsym";
				ENABLE_NS_ASSERTIONS = NO;
				ENABLE_STRICT_OBJC_MSGSEND = YES;
				GCC_C_LANGUAGE_STANDARD = gnu11;
				GCC_NO_COMMON_BLOCKS = YES;
				GCC_WARN_64_TO_32_BIT_CONVERSION = YES;
				GCC_WARN_ABOUT_RETURN_TYPE = YES_ERROR;
				GCC_WARN_UNDECLARED_SELECTOR = YES;
				GCC_WARN_UNINITIALIZED_AUTOS = YES_AGGRESSIVE;
				GCC_WARN_UNUSED_FUNCTION = YES;
				GCC_WARN_UNUSED_VARIABLE = YES;
				IPHONEOS_DEPLOYMENT_TARGET = 12.0;
				MTL_ENABLE_DEBUG_INFO = NO;
				MTL_FAST_MATH = YES;
				SDKROOT = iphoneos;
				SWIFT_COMPILATION_MODE = wholemodule;
				SWIFT_OPTIMIZATION_LEVEL = "-O";
				VALIDATE_PRODUCT = YES;
			};
			name = Release;
		};
		EA2B7EC12208FF75001372FE /* Debug */ = {
			isa = XCBuildConfiguration;
			buildSettings = {
				ASSETCATALOG_COMPILER_APPICON_NAME = AppIcon;
				CODE_SIGN_STYLE = Automatic;
				DEVELOPMENT_TEAM = 6U8286L9PF;
				INFOPLIST_FILE = "$(SRCROOT)/Cinemovie/Common/Info.plist";
				LD_RUNPATH_SEARCH_PATHS = (
					"$(inherited)",
					"@executable_path/Frameworks",
				);
				PRODUCT_BUNDLE_IDENTIFIER = com.viniciuscarvalho.Cinemovie;
				PRODUCT_NAME = "$(TARGET_NAME)";
				SWIFT_VERSION = 4.2;
				TARGETED_DEVICE_FAMILY = "1,2";
			};
			name = Debug;
		};
		EA2B7EC22208FF75001372FE /* Release */ = {
			isa = XCBuildConfiguration;
			buildSettings = {
				ASSETCATALOG_COMPILER_APPICON_NAME = AppIcon;
				CODE_SIGN_STYLE = Automatic;
				DEVELOPMENT_TEAM = 6U8286L9PF;
				INFOPLIST_FILE = "$(SRCROOT)/Cinemovie/Common/Info.plist";
				LD_RUNPATH_SEARCH_PATHS = (
					"$(inherited)",
					"@executable_path/Frameworks",
				);
				PRODUCT_BUNDLE_IDENTIFIER = com.viniciuscarvalho.Cinemovie;
				PRODUCT_NAME = "$(TARGET_NAME)";
				SWIFT_VERSION = 4.2;
				TARGETED_DEVICE_FAMILY = "1,2";
			};
			name = Release;
		};
		EA2B7EC42208FF75001372FE /* Debug */ = {
			isa = XCBuildConfiguration;
			buildSettings = {
				ALWAYS_EMBED_SWIFT_STANDARD_LIBRARIES = YES;
				BUNDLE_LOADER = "$(TEST_HOST)";
				CODE_SIGN_STYLE = Automatic;
				DEVELOPMENT_TEAM = 6U8286L9PF;
				INFOPLIST_FILE = CinemovieTests/Info.plist;
				LD_RUNPATH_SEARCH_PATHS = (
					"$(inherited)",
					"@executable_path/Frameworks",
					"@loader_path/Frameworks",
				);
				PRODUCT_BUNDLE_IDENTIFIER = com.viniciuscarvalho.CinemovieTests;
				PRODUCT_NAME = "$(TARGET_NAME)";
				SWIFT_VERSION = 4.2;
				TARGETED_DEVICE_FAMILY = "1,2";
				TEST_HOST = "$(BUILT_PRODUCTS_DIR)/Cinemovie.app/Cinemovie";
			};
			name = Debug;
		};
		EA2B7EC52208FF75001372FE /* Release */ = {
			isa = XCBuildConfiguration;
			buildSettings = {
				ALWAYS_EMBED_SWIFT_STANDARD_LIBRARIES = YES;
				BUNDLE_LOADER = "$(TEST_HOST)";
				CODE_SIGN_STYLE = Automatic;
				DEVELOPMENT_TEAM = 6U8286L9PF;
				INFOPLIST_FILE = CinemovieTests/Info.plist;
				LD_RUNPATH_SEARCH_PATHS = (
					"$(inherited)",
					"@executable_path/Frameworks",
					"@loader_path/Frameworks",
				);
				PRODUCT_BUNDLE_IDENTIFIER = com.viniciuscarvalho.CinemovieTests;
				PRODUCT_NAME = "$(TARGET_NAME)";
				SWIFT_VERSION = 4.2;
				TARGETED_DEVICE_FAMILY = "1,2";
				TEST_HOST = "$(BUILT_PRODUCTS_DIR)/Cinemovie.app/Cinemovie";
			};
			name = Release;
		};
/* End XCBuildConfiguration section */

/* Begin XCConfigurationList section */
		EA2B7E9E2208FF73001372FE /* Build configuration list for PBXProject "Cinemovie" */ = {
			isa = XCConfigurationList;
			buildConfigurations = (
				EA2B7EBE2208FF75001372FE /* Debug */,
				EA2B7EBF2208FF75001372FE /* Release */,
			);
			defaultConfigurationIsVisible = 0;
			defaultConfigurationName = Release;
		};
		EA2B7EC02208FF75001372FE /* Build configuration list for PBXNativeTarget "Cinemovie" */ = {
			isa = XCConfigurationList;
			buildConfigurations = (
				EA2B7EC12208FF75001372FE /* Debug */,
				EA2B7EC22208FF75001372FE /* Release */,
			);
			defaultConfigurationIsVisible = 0;
			defaultConfigurationName = Release;
		};
		EA2B7EC32208FF75001372FE /* Build configuration list for PBXNativeTarget "CinemovieTests" */ = {
			isa = XCConfigurationList;
			buildConfigurations = (
				EA2B7EC42208FF75001372FE /* Debug */,
				EA2B7EC52208FF75001372FE /* Release */,
			);
			defaultConfigurationIsVisible = 0;
			defaultConfigurationName = Release;
		};
/* End XCConfigurationList section */
	};
	rootObject = EA2B7E9B2208FF73001372FE /* Project object */;
}
